<Solution>
  <Folder Name="/src/">
    <Project Path="src/TheLawyer.AppHost/TheLawyer.AppHost.csproj" />
    <Project Path="src/TheLawyer.Host/TheLawyer.Host.csproj" />
    <Project Path="src/TheLawyer.Legal/TheLawyer.Legal.csproj" />
  </Folder>
  <Folder Name="/tests/">
    <Project Path="tests/TheLawyer.Legal.Tests/TheLawyer.Legal.Tests.csproj" />
  </Folder>
</Solution>
